// !$*UTF8*$!
{
	archiveVersion = 1;
	classes = {
	};
	objectVersion = 77;
	objects = {

/* Begin PBXBuildFile section */
		04F193199C373E5D326585BD /* ActivityStore.swift in Sources */ = {isa = PBXBuildFile; fileRef = 36CE2C492C85B86A700DC0E5 /* ActivityStore.swift */; };
		14ADCCB469B06B7F8D27A4F6 /* ActivityChartsTests.swift in Sources */ = {isa = PBXBuildFile; fileRef = 6316400ADF04F92540322131 /* ActivityChartsTests.swift */; };
		2020AA5BCF301BE126DDA624 /* HealthKitManager.swift in Sources */ = {isa = PBXBuildFile; fileRef = F22B3BA9543F8D9C0082120A /* HealthKitManager.swift */; };
		2F68747104EF17FC0F27D1F4 /* Theme.swift in Sources */ = {isa = PBXBuildFile; fileRef = 6CA7EC4BC8B890D162417B9B /* Theme.swift */; };
		3E210ACD6E7AC5148D51A921 /* Announcer.swift in Sources */ = {isa = PBXBuildFile; fileRef = 103DFE27A1592EFF2696634D /* Announcer.swift */; };
		4B550AEBBA5848FAE02E8604 /* DetailScreenshotUITests.swift in Sources */ = {isa = PBXBuildFile; fileRef = AC1897C7E5C6E771F5A14003 /* DetailScreenshotUITests.swift */; };
		5422BFD8E322A6CA29BF44EE /* HomeView.swift in Sources */ = {isa = PBXBuildFile; fileRef = AC4D8A57E79F6F3B7000BD96 /* HomeView.swift */; };
		57060604B8B36839E5A6452E /* RunActivityAttributes.swift in Sources */ = {isa = PBXBuildFile; fileRef = 7311550671541CA28DC81783 /* RunActivityAttributes.swift */; };
		5FAD55985BF002AF00824D81 /* ActivityRecorder.swift in Sources */ = {isa = PBXBuildFile; fileRef = 63FDDC9D13E78675A9750660 /* ActivityRecorder.swift */; };
		6144527EB06CEF1CA29642C4 /* Format.swift in Sources */ = {isa = PBXBuildFile; fileRef = 2EF715DAB365D89A3B3C5A9C /* Format.swift */; };
		6338813615383283AF7F7E6D /* ActivityDetailView.swift in Sources */ = {isa = PBXBuildFile; fileRef = 80870564E02268F8173F8780 /* ActivityDetailView.swift */; };
		7170D5915C34A3154BA9905B /* FlowUITests.swift in Sources */ = {isa = PBXBuildFile; fileRef = E6C3070F7F109B3ECA28CBAB /* FlowUITests.swift */; };
		72AFFD721C47DE9C9810F7FC /* DifficultyEngineTests.swift in Sources */ = {isa = PBXBuildFile; fileRef = 271651D29E458413D55B43D7 /* DifficultyEngineTests.swift */; };
		7688D47B1E810D3F737FB10F /* RuckRunWidgetsBundle.swift in Sources */ = {isa = PBXBuildFile; fileRef = D34876FDF4DE9E1909DA813F /* RuckRunWidgetsBundle.swift */; };
		820621B9B9FB0FBCF5D7F1E0 /* ShareCard.swift in Sources */ = {isa = PBXBuildFile; fileRef = 0242D5F69F79B34FCB69D7C5 /* ShareCard.swift */; };
		8B9601D1F5AD1B64ED5E7E02 /* RunActivityAttributes.swift in Sources */ = {isa = PBXBuildFile; fileRef = 7311550671541CA28DC81783 /* RunActivityAttributes.swift */; };
		9E7057A18B35CD080075060D /* HybridAthleteApp.swift in Sources */ = {isa = PBXBuildFile; fileRef = 6CB45D5DBECEEE1FDB31FD81 /* HybridAthleteApp.swift */; };
		A411AD098F43426994DC499F /* AppStoreScreenshotsUITests.swift in Sources */ = {isa = PBXBuildFile; fileRef = FC7C939E9943E59A41224808 /* AppStoreScreenshotsUITests.swift */; };
		AA1830ADF00562118458F5CA /* Format.swift in Sources */ = {isa = PBXBuildFile; fileRef = 2EF715DAB365D89A3B3C5A9C /* Format.swift */; };
		AA40DD84BF8506DE85BBA80B /* Assets.xcassets in Resources */ = {isa = PBXBuildFile; fileRef = 702AA756BEB0BDC0E1748CD3 /* Assets.xcassets */; };
		BBC775AB0DDDB7B0810B5A6A /* Activity.swift in Sources */ = {isa = PBXBuildFile; fileRef = 9FAF2765B802EBD97B87B924 /* Activity.swift */; };
		BDEAAC1A3962B1A18E497E50 /* RecordingView.swift in Sources */ = {isa = PBXBuildFile; fileRef = 7BF7B37E04D083C82371067C /* RecordingView.swift */; };
		C135A10CB08633802BA8DB62 /* ActivityCharts.swift in Sources */ = {isa = PBXBuildFile; fileRef = 9BAE23CC76410CFC6A1877C7 /* ActivityCharts.swift */; };
		C21FA92467A8F82AB1E91A31 /* ActivityChartViews.swift in Sources */ = {isa = PBXBuildFile; fileRef = BD3BECC6CAEF0188E52CE1D8 /* ActivityChartViews.swift */; };
		F41CB012B7E14413D9E72BDF /* RuckRunWidgets.appex in Embed Foundation Extensions */ = {isa = PBXBuildFile; fileRef = DF7121F74B8DA2AD34EC657D /* RuckRunWidgets.appex */; settings = {ATTRIBUTES = (RemoveHeadersOnCopy, ); }; };
		F51CBAC5ED19B32DCF4E2B1B /* NotesSheet.swift in Sources */ = {isa = PBXBuildFile; fileRef = 5ADBFDB79CBAD5BB08EB4327 /* NotesSheet.swift */; };
		F5E65283910DF563FB833E85 /* DifficultyEngine.swift in Sources */ = {isa = PBXBuildFile; fileRef = 646922885D9E5B101B05FCC8 /* DifficultyEngine.swift */; };
		F7FE127404FD9F931923568D /* RunLiveActivity.swift in Sources */ = {isa = PBXBuildFile; fileRef = 17EC75B3F25A7C7D2D2EC189 /* RunLiveActivity.swift */; };
		FCFFA42371D01243BB72E8A6 /* DemoData.swift in Sources */ = {isa = PBXBuildFile; fileRef = D63F9A3FE3C8EDF8DECA78F2 /* DemoData.swift */; };
/* End PBXBuildFile section */

/* Begin PBXContainerItemProxy section */
		3892523989398DA667C5F9FC /* PBXContainerItemProxy */ = {
			isa = PBXContainerItemProxy;
			containerPortal = FEEA58DFE330C8CC7BD5B800 /* Project object */;
			proxyType = 1;
			remoteGlobalIDString = 9D72C3628ECAD71EAC405F83;
			remoteInfo = HybridAthlete;
		};
		50E16C38B335BF72E3DB5373 /* PBXContainerItemProxy */ = {
			isa = PBXContainerItemProxy;
			containerPortal = FEEA58DFE330C8CC7BD5B800 /* Project object */;
			proxyType = 1;
			remoteGlobalIDString = 9D72C3628ECAD71EAC405F83;
			remoteInfo = HybridAthlete;
		};
		C508A912835FCEBAD21CA03A /* PBXContainerItemProxy */ = {
			isa = PBXContainerItemProxy;
			containerPortal = FEEA58DFE330C8CC7BD5B800 /* Project object */;
			proxyType = 1;
			remoteGlobalIDString = A08BEA6636EE526C22DCBBE1;
			remoteInfo = RuckRunWidgets;
		};
/* End PBXContainerItemProxy section */

/* Begin PBXCopyFilesBuildPhase section */
		20E9BBE7762A2F5BBD35123F /* Embed Foundation Extensions */ = {
			isa = PBXCopyFilesBuildPhase;
			buildActionMask = 2147483647;
			dstPath = "";
			dstSubfolderSpec = 13;
			files = (
				F41CB012B7E14413D9E72BDF /* RuckRunWidgets.appex in Embed Foundation Extensions */,
			);
			name = "Embed Foundation Extensions";
			runOnlyForDeploymentPostprocessing = 0;
		};
/* End PBXCopyFilesBuildPhase section */

/* Begin PBXFileReference section */
		0242D5F69F79B34FCB69D7C5 /* ShareCard.swift */ = {isa = PBXFileReference; lastKnownFileType = sourcecode.swift; path = ShareCard.swift; sourceTree = "<group>"; };
		103DFE27A1592EFF2696634D /* Announcer.swift */ = {isa = PBXFileReference; lastKnownFileType = sourcecode.swift; path = Announcer.swift; sourceTree = "<group>"; };
		17EC75B3F25A7C7D2D2EC189 /* RunLiveActivity.swift */ = {isa = PBXFileReference; lastKnownFileType = sourcecode.swift; path = RunLiveActivity.swift; sourceTree = "<group>"; };
		271651D29E458413D55B43D7 /* DifficultyEngineTests.swift */ = {isa = PBXFileReference; lastKnownFileType = sourcecode.swift; path = DifficultyEngineTests.swift; sourceTree = "<group>"; };
		2EF715DAB365D89A3B3C5A9C /* Format.swift */ = {isa = PBXFileReference; lastKnownFileType = sourcecode.swift; path = Format.swift; sourceTree = "<group>"; };
		327886D4BEFF0E215357CF36 /* HybridAthleteTests.xctest */ = {isa = PBXFileReference; includeInIndex = 0; lastKnownFileType = wrapper.cfbundle; path = HybridAthleteTests.xctest; sourceTree = BUILT_PRODUCTS_DIR; };
		36CE2C492C85B86A700DC0E5 /* ActivityStore.swift */ = {isa = PBXFileReference; lastKnownFileType = sourcecode.swift; path = ActivityStore.swift; sourceTree = "<group>"; };
		3C468341F4EBCE96A2798BA1 /* HybridAthleteUITests.xctest */ = {isa = PBXFileReference; includeInIndex = 0; lastKnownFileType = wrapper.cfbundle; path = HybridAthleteUITests.xctest; sourceTree = BUILT_PRODUCTS_DIR; };
		5ADBFDB79CBAD5BB08EB4327 /* NotesSheet.swift */ = {isa = PBXFileReference; lastKnownFileType = sourcecode.swift; path = NotesSheet.swift; sourceTree = "<group>"; };
		5BE05F1C631C21E85F131DBE /* HybridAthlete.entitlements */ = {isa = PBXFileReference; lastKnownFileType = text.plist.entitlements; path = HybridAthlete.entitlements; sourceTree = "<group>"; };
		5D8FC18E1290DD19F0DFA6E0 /* Info.plist */ = {isa = PBXFileReference; lastKnownFileType = text.plist; path = Info.plist; sourceTree = "<group>"; };
		6316400ADF04F92540322131 /* ActivityChartsTests.swift */ = {isa = PBXFileReference; lastKnownFileType = sourcecode.swift; path = ActivityChartsTests.swift; sourceTree = "<group>"; };
		63FDDC9D13E78675A9750660 /* ActivityRecorder.swift */ = {isa = PBXFileReference; lastKnownFileType = sourcecode.swift; path = ActivityRecorder.swift; sourceTree = "<group>"; };
		646922885D9E5B101B05FCC8 /* DifficultyEngine.swift */ = {isa = PBXFileReference; lastKnownFileType = sourcecode.swift; path = DifficultyEngine.swift; sourceTree = "<group>"; };
		6CA7EC4BC8B890D162417B9B /* Theme.swift */ = {isa = PBXFileReference; lastKnownFileType = sourcecode.swift; path = Theme.swift; sourceTree = "<group>"; };
		6CB45D5DBECEEE1FDB31FD81 /* HybridAthleteApp.swift */ = {isa = PBXFileReference; lastKnownFileType = sourcecode.swift; path = HybridAthleteApp.swift; sourceTree = "<group>"; };
		6D9E57BC0F7634E7B0060EC6 /* Info.plist */ = {isa = PBXFileReference; lastKnownFileType = text.plist; path = Info.plist; sourceTree = "<group>"; };
		6E52BF8C6E7FC3A1257ACF87 /* HybridAthlete.app */ = {isa = PBXFileReference; includeInIndex = 0; lastKnownFileType = wrapper.application; path = HybridAthlete.app; sourceTree = BUILT_PRODUCTS_DIR; };
		702AA756BEB0BDC0E1748CD3 /* Assets.xcassets */ = {isa = PBXFileReference; lastKnownFileType = folder.assetcatalog; path = Assets.xcassets; sourceTree = "<group>"; };
		7311550671541CA28DC81783 /* RunActivityAttributes.swift */ = {isa = PBXFileReference; lastKnownFileType = sourcecode.swift; path = RunActivityAttributes.swift; sourceTree = "<group>"; };
		7BF7B37E04D083C82371067C /* RecordingView.swift */ = {isa = PBXFileReference; lastKnownFileType = sourcecode.swift; path = RecordingView.swift; sourceTree = "<group>"; };
		80870564E02268F8173F8780 /* ActivityDetailView.swift */ = {isa = PBXFileReference; lastKnownFileType = sourcecode.swift; path = ActivityDetailView.swift; sourceTree = "<group>"; };
		9BAE23CC76410CFC6A1877C7 /* ActivityCharts.swift */ = {isa = PBXFileReference; lastKnownFileType = sourcecode.swift; path = ActivityCharts.swift; sourceTree = "<group>"; };
		9FAF2765B802EBD97B87B924 /* Activity.swift */ = {isa = PBXFileReference; lastKnownFileType = sourcecode.swift; path = Activity.swift; sourceTree = "<group>"; };
		AC1897C7E5C6E771F5A14003 /* DetailScreenshotUITests.swift */ = {isa = PBXFileReference; lastKnownFileType = sourcecode.swift; path = DetailScreenshotUITests.swift; sourceTree = "<group>"; };
		AC4D8A57E79F6F3B7000BD96 /* HomeView.swift */ = {isa = PBXFileReference; lastKnownFileType = sourcecode.swift; path = HomeView.swift; sourceTree = "<group>"; };
		BD3BECC6CAEF0188E52CE1D8 /* ActivityChartViews.swift */ = {isa = PBXFileReference; lastKnownFileType = sourcecode.swift; path = ActivityChartViews.swift; sourceTree = "<group>"; };
		D34876FDF4DE9E1909DA813F /* RuckRunWidgetsBundle.swift */ = {isa = PBXFileReference; lastKnownFileType = sourcecode.swift; path = RuckRunWidgetsBundle.swift; sourceTree = "<group>"; };
		D63F9A3FE3C8EDF8DECA78F2 /* DemoData.swift */ = {isa = PBXFileReference; lastKnownFileType = sourcecode.swift; path = DemoData.swift; sourceTree = "<group>"; };
		DF7121F74B8DA2AD34EC657D /* RuckRunWidgets.appex */ = {isa = PBXFileReference; includeInIndex = 0; lastKnownFileType = "wrapper.app-extension"; path = RuckRunWidgets.appex; sourceTree = BUILT_PRODUCTS_DIR; };
		E6C3070F7F109B3ECA28CBAB /* FlowUITests.swift */ = {isa = PBXFileReference; lastKnownFileType = sourcecode.swift; path = FlowUITests.swift; sourceTree = "<group>"; };
		F22B3BA9543F8D9C0082120A /* HealthKitManager.swift */ = {isa = PBXFileReference; lastKnownFileType = sourcecode.swift; path = HealthKitManager.swift; sourceTree = "<group>"; };
		FC7C939E9943E59A41224808 /* AppStoreScreenshotsUITests.swift */ = {isa = PBXFileReference; lastKnownFileType = sourcecode.swift; path = AppStoreScreenshotsUITests.swift; sourceTree = "<group>"; };
/* End PBXFileReference section */

/* Begin PBXGroup section */
		07CFF6EBB1814DEF2CE43BF7 /* Shared */ = {
			isa = PBXGroup;
			children = (
				7311550671541CA28DC81783 /* RunActivityAttributes.swift */,
			);
			path = Shared;
			sourceTree = "<group>";
		};
		1F7F8BC5417B19A8BA6A1C40 /* HybridAthlete */ = {
			isa = PBXGroup;
			children = (
				63FDDC9D13E78675A9750660 /* ActivityRecorder.swift */,
				36CE2C492C85B86A700DC0E5 /* ActivityStore.swift */,
				103DFE27A1592EFF2696634D /* Announcer.swift */,
				702AA756BEB0BDC0E1748CD3 /* Assets.xcassets */,
				D63F9A3FE3C8EDF8DECA78F2 /* DemoData.swift */,
				F22B3BA9543F8D9C0082120A /* HealthKitManager.swift */,
				5BE05F1C631C21E85F131DBE /* HybridAthlete.entitlements */,
				6CB45D5DBECEEE1FDB31FD81 /* HybridAthleteApp.swift */,
				6D9E57BC0F7634E7B0060EC6 /* Info.plist */,
				D1FAD3E7660C08E52CF0D42F /* Models */,
				77F619B46AA7E567ADEB11C3 /* Views */,
			);
			path = HybridAthlete;
			sourceTree = "<group>";
		};
		2399EB2D8663BAE971EA8D55 /* Products */ = {
			isa = PBXGroup;
			children = (
				6E52BF8C6E7FC3A1257ACF87 /* HybridAthlete.app */,
				327886D4BEFF0E215357CF36 /* HybridAthleteTests.xctest */,
				3C468341F4EBCE96A2798BA1 /* HybridAthleteUITests.xctest */,
				DF7121F74B8DA2AD34EC657D /* RuckRunWidgets.appex */,
			);
			name = Products;
			sourceTree = "<group>";
		};
		2AB38E16A0D7960B32118287 /* RuckRunWidgets */ = {
			isa = PBXGroup;
			children = (
				5D8FC18E1290DD19F0DFA6E0 /* Info.plist */,
				D34876FDF4DE9E1909DA813F /* RuckRunWidgetsBundle.swift */,
				17EC75B3F25A7C7D2D2EC189 /* RunLiveActivity.swift */,
			);
			path = RuckRunWidgets;
			sourceTree = "<group>";
		};
		77F619B46AA7E567ADEB11C3 /* Views */ = {
			isa = PBXGroup;
			children = (
				BD3BECC6CAEF0188E52CE1D8 /* ActivityChartViews.swift */,
				80870564E02268F8173F8780 /* ActivityDetailView.swift */,
				AC4D8A57E79F6F3B7000BD96 /* HomeView.swift */,
				5ADBFDB79CBAD5BB08EB4327 /* NotesSheet.swift */,
				7BF7B37E04D083C82371067C /* RecordingView.swift */,
				0242D5F69F79B34FCB69D7C5 /* ShareCard.swift */,
				6CA7EC4BC8B890D162417B9B /* Theme.swift */,
			);
			path = Views;
			sourceTree = "<group>";
		};
		8A1E613A7A7E66F31182557D = {
			isa = PBXGroup;
			children = (
				1F7F8BC5417B19A8BA6A1C40 /* HybridAthlete */,
				A3B4BBE6924CD29A79616B43 /* HybridAthleteTests */,
				EB72E1804DD6B345297FC5AE /* HybridAthleteUITests */,
				2AB38E16A0D7960B32118287 /* RuckRunWidgets */,
				07CFF6EBB1814DEF2CE43BF7 /* Shared */,
				2399EB2D8663BAE971EA8D55 /* Products */,
			);
			sourceTree = "<group>";
		};
		A3B4BBE6924CD29A79616B43 /* HybridAthleteTests */ = {
			isa = PBXGroup;
			children = (
				6316400ADF04F92540322131 /* ActivityChartsTests.swift */,
				271651D29E458413D55B43D7 /* DifficultyEngineTests.swift */,
			);
			path = HybridAthleteTests;
			sourceTree = "<group>";
		};
		D1FAD3E7660C08E52CF0D42F /* Models */ = {
			isa = PBXGroup;
			children = (
				9FAF2765B802EBD97B87B924 /* Activity.swift */,
				9BAE23CC76410CFC6A1877C7 /* ActivityCharts.swift */,
				646922885D9E5B101B05FCC8 /* DifficultyEngine.swift */,
				2EF715DAB365D89A3B3C5A9C /* Format.swift */,
			);
			path = Models;
			sourceTree = "<group>";
		};
		EB72E1804DD6B345297FC5AE /* HybridAthleteUITests */ = {
			isa = PBXGroup;
			children = (
				FC7C939E9943E59A41224808 /* AppStoreScreenshotsUITests.swift */,
				AC1897C7E5C6E771F5A14003 /* DetailScreenshotUITests.swift */,
				E6C3070F7F109B3ECA28CBAB /* FlowUITests.swift */,
			);
			path = HybridAthleteUITests;
			sourceTree = "<group>";
		};
/* End PBXGroup section */

/* Begin PBXNativeTarget section */
		499F1C9A49FA6E0A38B1D05C /* HybridAthleteTests */ = {
			isa = PBXNativeTarget;
			buildConfigurationList = 00C00733CC9A729D81B1B0D4 /* Build configuration list for PBXNativeTarget "HybridAthleteTests" */;
			buildPhases = (
				358B66194C00A22B3B5A1D4F /* Sources */,
			);
			buildRules = (
			);
			dependencies = (
				FD8816609BE27106429D8CCD /* PBXTargetDependency */,
			);
			name = HybridAthleteTests;
			packageProductDependencies = (
			);
			productName = HybridAthleteTests;
			productReference = 327886D4BEFF0E215357CF36 /* HybridAthleteTests.xctest */;
			productType = "com.apple.product-type.bundle.unit-test";
		};
		558EE98581A81404B60CC913 /* HybridAthleteUITests */ = {
			isa = PBXNativeTarget;
			buildConfigurationList = 3358E01E3366C202FC065EF3 /* Build configuration list for PBXNativeTarget "HybridAthleteUITests" */;
			buildPhases = (
				4D285656FC46EF042349B225 /* Sources */,
			);
			buildRules = (
			);
			dependencies = (
				4B21C6D5F49387163CC7346B /* PBXTargetDependency */,
			);
			name = HybridAthleteUITests;
			packageProductDependencies = (
			);
			productName = HybridAthleteUITests;
			productReference = 3C468341F4EBCE96A2798BA1 /* HybridAthleteUITests.xctest */;
			productType = "com.apple.product-type.bundle.ui-testing";
		};
		9D72C3628ECAD71EAC405F83 /* HybridAthlete */ = {
			isa = PBXNativeTarget;
			buildConfigurationList = 8EBF71D312A67D4F2EFDE80B /* Build configuration list for PBXNativeTarget "HybridAthlete" */;
			buildPhases = (
				952CCEAE7BCCE9520DAB188E /* Sources */,
				B68F800AF0CA518A8C83D539 /* Resources */,
				20E9BBE7762A2F5BBD35123F /* Embed Foundation Extensions */,
			);
			buildRules = (
			);
			dependencies = (
				0DDD0AF29495F909E8F4FDB0 /* PBXTargetDependency */,
			);
			name = HybridAthlete;
			packageProductDependencies = (
			);
			productName = HybridAthlete;
			productReference = 6E52BF8C6E7FC3A1257ACF87 /* HybridAthlete.app */;
			productType = "com.apple.product-type.application";
		};
		A08BEA6636EE526C22DCBBE1 /* RuckRunWidgets */ = {
			isa = PBXNativeTarget;
			buildConfigurationList = AE8BA6CB46541598FD523690 /* Build configuration list for PBXNativeTarget "RuckRunWidgets" */;
			buildPhases = (
				085A0B564E8FBA8E648738C8 /* Sources */,
			);
			buildRules = (
			);
			dependencies = (
			);
			name = RuckRunWidgets;
			packageProductDependencies = (
			);
			productName = RuckRunWidgets;
			productReference = DF7121F74B8DA2AD34EC657D /* RuckRunWidgets.appex */;
			productType = "com.apple.product-type.app-extension";
		};
/* End PBXNativeTarget section */

/* Begin PBXProject section */
		FEEA58DFE330C8CC7BD5B800 /* Project object */ = {
			isa = PBXProject;
			attributes = {
				BuildIndependentTargetsInParallel = YES;
				LastUpgradeCheck = 1430;
				TargetAttributes = {
					499F1C9A49FA6E0A38B1D05C = {
						DevelopmentTeam = 6TMKWLMV2K;
						ProvisioningStyle = Automatic;
					};
					558EE98581A81404B60CC913 = {
						DevelopmentTeam = 6TMKWLMV2K;
						ProvisioningStyle = Automatic;
						TestTargetID = 9D72C3628ECAD71EAC405F83;
					};
					9D72C3628ECAD71EAC405F83 = {
						DevelopmentTeam = 6TMKWLMV2K;
						ProvisioningStyle = Automatic;
					};
					A08BEA6636EE526C22DCBBE1 = {
						DevelopmentTeam = 6TMKWLMV2K;
						ProvisioningStyle = Automatic;
					};
				};
			};
			buildConfigurationList = E57544ABC8BCFA6709AD72ED /* Build configuration list for PBXProject "HybridAthlete" */;
			developmentRegion = en;
			hasScannedForEncodings = 0;
			knownRegions = (
				Base,
				en,
			);
			mainGroup = 8A1E613A7A7E66F31182557D;
			minimizedProjectReferenceProxies = 1;
			preferredProjectObjectVersion = 77;
			productRefGroup = 2399EB2D8663BAE971EA8D55 /* Products */;
			projectDirPath = "";
			projectRoot = "";
			targets = (
				9D72C3628ECAD71EAC405F83 /* HybridAthlete */,
				A08BEA6636EE526C22DCBBE1 /* RuckRunWidgets */,
				499F1C9A49FA6E0A38B1D05C /* HybridAthleteTests */,
				558EE98581A81404B60CC913 /* HybridAthleteUITests */,
			);
		};
/* End PBXProject section */

/* Begin PBXResourcesBuildPhase section */
		B68F800AF0CA518A8C83D539 /* Resources */ = {
			isa = PBXResourcesBuildPhase;
			buildActionMask = 2147483647;
			files = (
				AA40DD84BF8506DE85BBA80B /* Assets.xcassets in Resources */,
			);
			runOnlyForDeploymentPostprocessing = 0;
		};
/* End PBXResourcesBuildPhase section */

/* Begin PBXSourcesBuildPhase section */
		085A0B564E8FBA8E648738C8 /* Sources */ = {
			isa = PBXSourcesBuildPhase;
			buildActionMask = 2147483647;
			files = (
				6144527EB06CEF1CA29642C4 /* Format.swift in Sources */,
				7688D47B1E810D3F737FB10F /* RuckRunWidgetsBundle.swift in Sources */,
				57060604B8B36839E5A6452E /* RunActivityAttributes.swift in Sources */,
				F7FE127404FD9F931923568D /* RunLiveActivity.swift in Sources */,
			);
			runOnlyForDeploymentPostprocessing = 0;
		};
		358B66194C00A22B3B5A1D4F /* Sources */ = {
			isa = PBXSourcesBuildPhase;
			buildActionMask = 2147483647;
			files = (
				14ADCCB469B06B7F8D27A4F6 /* ActivityChartsTests.swift in Sources */,
				72AFFD721C47DE9C9810F7FC /* DifficultyEngineTests.swift in Sources */,
			);
			runOnlyForDeploymentPostprocessing = 0;
		};
		4D285656FC46EF042349B225 /* Sources */ = {
			isa = PBXSourcesBuildPhase;
			buildActionMask = 2147483647;
			files = (
				A411AD098F43426994DC499F /* AppStoreScreenshotsUITests.swift in Sources */,
				4B550AEBBA5848FAE02E8604 /* DetailScreenshotUITests.swift in Sources */,
				7170D5915C34A3154BA9905B /* FlowUITests.swift in Sources */,
			);
			runOnlyForDeploymentPostprocessing = 0;
		};
		952CCEAE7BCCE9520DAB188E /* Sources */ = {
			isa = PBXSourcesBuildPhase;
			buildActionMask = 2147483647;
			files = (
				BBC775AB0DDDB7B0810B5A6A /* Activity.swift in Sources */,
				C21FA92467A8F82AB1E91A31 /* ActivityChartViews.swift in Sources */,
				C135A10CB08633802BA8DB62 /* ActivityCharts.swift in Sources */,
				6338813615383283AF7F7E6D /* ActivityDetailView.swift in Sources */,
				5FAD55985BF002AF00824D81 /* ActivityRecorder.swift in Sources */,
				04F193199C373E5D326585BD /* ActivityStore.swift in Sources */,
				3E210ACD6E7AC5148D51A921 /* Announcer.swift in Sources */,
				FCFFA42371D01243BB72E8A6 /* DemoData.swift in Sources */,
				F5E65283910DF563FB833E85 /* DifficultyEngine.swift in Sources */,
				AA1830ADF00562118458F5CA /* Format.swift in Sources */,
				2020AA5BCF301BE126DDA624 /* HealthKitManager.swift in Sources */,
				5422BFD8E322A6CA29BF44EE /* HomeView.swift in Sources */,
				9E7057A18B35CD080075060D /* HybridAthleteApp.swift in Sources */,
				F51CBAC5ED19B32DCF4E2B1B /* NotesSheet.swift in Sources */,
				BDEAAC1A3962B1A18E497E50 /* RecordingView.swift in Sources */,
				8B9601D1F5AD1B64ED5E7E02 /* RunActivityAttributes.swift in Sources */,
				820621B9B9FB0FBCF5D7F1E0 /* ShareCard.swift in Sources */,
				2F68747104EF17FC0F27D1F4 /* Theme.swift in Sources */,
			);
			runOnlyForDeploymentPostprocessing = 0;
		};
/* End PBXSourcesBuildPhase section */

/* Begin PBXTargetDependency section */
		0DDD0AF29495F909E8F4FDB0 /* PBXTargetDependency */ = {
			isa = PBXTargetDependency;
			target = A08BEA6636EE526C22DCBBE1 /* RuckRunWidgets */;
			targetProxy = C508A912835FCEBAD21CA03A /* PBXContainerItemProxy */;
		};
		4B21C6D5F49387163CC7346B /* PBXTargetDependency */ = {
			isa = PBXTargetDependency;
			target = 9D72C3628ECAD71EAC405F83 /* HybridAthlete */;
			targetProxy = 3892523989398DA667C5F9FC /* PBXContainerItemProxy */;
		};
		FD8816609BE27106429D8CCD /* PBXTargetDependency */ = {
			isa = PBXTargetDependency;
			target = 9D72C3628ECAD71EAC405F83 /* HybridAthlete */;
			targetProxy = 50E16C38B335BF72E3DB5373 /* PBXContainerItemProxy */;
		};
/* End PBXTargetDependency section */

/* Begin XCBuildConfiguration section */
		20D429FA1CDC45BD1E87C800 /* Release */ = {
			isa = XCBuildConfiguration;
			buildSettings = {
				ALWAYS_SEARCH_USER_PATHS = NO;
				CLANG_ANALYZER_NONNULL = YES;
				CLANG_ANALYZER_NUMBER_OBJECT_CONVERSION = YES_AGGRESSIVE;
				CLANG_CXX_LANGUAGE_STANDARD = "gnu++14";
				CLANG_CXX_LIBRARY = "libc++";
				CLANG_ENABLE_MODULES = YES;
				CLANG_ENABLE_OBJC_ARC = YES;
				CLANG_ENABLE_OBJC_WEAK = YES;
				CLANG_WARN_BLOCK_CAPTURE_AUTORELEASING = YES;
				CLANG_WARN_BOOL_CONVERSION = YES;
				CLANG_WARN_COMMA = YES;
				CLANG_WARN_CONSTANT_CONVERSION = YES;
				CLANG_WARN_DEPRECATED_OBJC_IMPLEMENTATIONS = YES;
				CLANG_WARN_DIRECT_OBJC_ISA_USAGE = YES_ERROR;
				CLANG_WARN_DOCUMENTATION_COMMENTS = YES;
				CLANG_WARN_EMPTY_BODY = YES;
				CLANG_WARN_ENUM_CONVERSION = YES;
				CLANG_WARN_INFINITE_RECURSION = YES;
				CLANG_WARN_INT_CONVERSION = YES;
				CLANG_WARN_NON_LITERAL_NULL_CONVERSION = YES;
				CLANG_WARN_OBJC_IMPLICIT_RETAIN_SELF = YES;
				CLANG_WARN_OBJC_LITERAL_CONVERSION = YES;
				CLANG_WARN_OBJC_ROOT_CLASS = YES_ERROR;
				CLANG_WARN_QUOTED_INCLUDE_IN_FRAMEWORK_HEADER = YES;
				CLANG_WARN_RANGE_LOOP_ANALYSIS = YES;
				CLANG_WARN_STRICT_PROTOTYPES = YES;
				CLANG_WARN_SUSPICIOUS_MOVE = YES;
				CLANG_WARN_UNGUARDED_AVAILABILITY = YES_AGGRESSIVE;
				CLANG_WARN_UNREACHABLE_CODE = YES;
				CLANG_WARN__DUPLICATE_METHOD_MATCH = YES;
				CODE_SIGN_STYLE = Automatic;
				COPY_PHASE_STRIP = NO;
				CURRENT_PROJECT_VERSION = 17;
				DEBUG_INFORMATION_FORMAT = "dwarf-with-dsym";
				DEVELOPMENT_TEAM = 6TMKWLMV2K;
				ENABLE_NS_ASSERTIONS = NO;
				ENABLE_STRICT_OBJC_MSGSEND = YES;
				GCC_C_LANGUAGE_STANDARD = gnu11;
				GCC_NO_COMMON_BLOCKS = YES;
				GCC_WARN_64_TO_32_BIT_CONVERSION = YES;
				GCC_WARN_ABOUT_RETURN_TYPE = YES_ERROR;
				GCC_WARN_UNDECLARED_SELECTOR = YES;
				GCC_WARN_UNINITIALIZED_AUTOS = YES_AGGRESSIVE;
				GCC_WARN_UNUSED_FUNCTION = YES;
				GCC_WARN_UNUSED_VARIABLE = YES;
				IPHONEOS_DEPLOYMENT_TARGET = 17.0;
				MARKETING_VERSION = 1.0.0;
				MTL_ENABLE_DEBUG_INFO = NO;
				MTL_FAST_MATH = YES;
				PRODUCT_NAME = "$(TARGET_NAME)";
				SDKROOT = iphoneos;
				SWIFT_COMPILATION_MODE = wholemodule;
				SWIFT_OPTIMIZATION_LEVEL = "-O";
				SWIFT_VERSION = 5.0;
			};
			name = Release;
		};
		2522CC27B5C06803BE9ACC77 /* Release */ = {
			isa = XCBuildConfiguration;
			buildSettings = {
				ASSETCATALOG_COMPILER_APPICON_NAME = AppIcon;
				CODE_SIGN_ENTITLEMENTS = HybridAthlete/HybridAthlete.entitlements;
				CODE_SIGN_IDENTITY = "iPhone Developer";
				INFOPLIST_FILE = HybridAthlete/Info.plist;
				LD_RUNPATH_SEARCH_PATHS = (
					"$(inherited)",
					"@executable_path/Frameworks",
				);
				PRODUCT_BUNDLE_IDENTIFIER = com.jwatsondev.simplerun;
				SDKROOT = iphoneos;
				TARGETED_DEVICE_FAMILY = 1;
			};
			name = Release;
		};
		355990D19F4B76164BEA9913 /* Debug */ = {
			isa = XCBuildConfiguration;
			buildSettings = {
				BUNDLE_LOADER = "$(TEST_HOST)";
				GENERATE_INFOPLIST_FILE = YES;
				LD_RUNPATH_SEARCH_PATHS = (
					"$(inherited)",
					"@executable_path/Frameworks",
					"@loader_path/Frameworks",
				);
				PRODUCT_BUNDLE_IDENTIFIER = com.jwatsondev.HybridAthleteUITests;
				SDKROOT = iphoneos;
				TARGETED_DEVICE_FAMILY = "1,2";
				TEST_TARGET_NAME = HybridAthlete;
			};
			name = Debug;
		};
		4BA53D4F09172D75C00C06F2 /* Debug */ = {
			isa = XCBuildConfiguration;
			buildSettings = {
				ALWAYS_SEARCH_USER_PATHS = NO;
				CLANG_ANALYZER_NONNULL = YES;
				CLANG_ANALYZER_NUMBER_OBJECT_CONVERSION = YES_AGGRESSIVE;
				CLANG_CXX_LANGUAGE_STANDARD = "gnu++14";
				CLANG_CXX_LIBRARY = "libc++";
				CLANG_ENABLE_MODULES = YES;
				CLANG_ENABLE_OBJC_ARC = YES;
				CLANG_ENABLE_OBJC_WEAK = YES;
				CLANG_WARN_BLOCK_CAPTURE_AUTORELEASING = YES;
				CLANG_WARN_BOOL_CONVERSION = YES;
				CLANG_WARN_COMMA = YES;
				CLANG_WARN_CONSTANT_CONVERSION = YES;
				CLANG_WARN_DEPRECATED_OBJC_IMPLEMENTATIONS = YES;
				CLANG_WARN_DIRECT_OBJC_ISA_USAGE = YES_ERROR;
				CLANG_WARN_DOCUMENTATION_COMMENTS = YES;
				CLANG_WARN_EMPTY_BODY = YES;
				CLANG_WARN_ENUM_CONVERSION = YES;
				CLANG_WARN_INFINITE_RECURSION = YES;
				CLANG_WARN_INT_CONVERSION = YES;
				CLANG_WARN_NON_LITERAL_NULL_CONVERSION = YES;
				CLANG_WARN_OBJC_IMPLICIT_RETAIN_SELF = YES;
				CLANG_WARN_OBJC_LITERAL_CONVERSION = YES;
				CLANG_WARN_OBJC_ROOT_CLASS = YES_ERROR;
				CLANG_WARN_QUOTED_INCLUDE_IN_FRAMEWORK_HEADER = YES;
				CLANG_WARN_RANGE_LOOP_ANALYSIS = YES;
				CLANG_WARN_STRICT_PROTOTYPES = YES;
				CLANG_WARN_SUSPICIOUS_MOVE = YES;
				CLANG_WARN_UNGUARDED_AVAILABILITY = YES_AGGRESSIVE;
				CLANG_WARN_UNREACHABLE_CODE = YES;
				CLANG_WARN__DUPLICATE_METHOD_MATCH = YES;
				CODE_SIGN_STYLE = Automatic;
				COPY_PHASE_STRIP = NO;
				CURRENT_PROJECT_VERSION = 17;
				DEBUG_INFORMATION_FORMAT = dwarf;
				DEVELOPMENT_TEAM = 6TMKWLMV2K;
				ENABLE_STRICT_OBJC_MSGSEND = YES;
				ENABLE_TESTABILITY = YES;
				GCC_C_LANGUAGE_STANDARD = gnu11;
				GCC_DYNAMIC_NO_PIC = NO;
				GCC_NO_COMMON_BLOCKS = YES;
				GCC_OPTIMIZATION_LEVEL = 0;
				GCC_PREPROCESSOR_DEFINITIONS = (
					"$(inherited)",
					"DEBUG=1",
				);
				GCC_WARN_64_TO_32_BIT_CONVERSION = YES;
				GCC_WARN_ABOUT_RETURN_TYPE = YES_ERROR;
				GCC_WARN_UNDECLARED_SELECTOR = YES;
				GCC_WARN_UNINITIALIZED_AUTOS = YES_AGGRESSIVE;
				GCC_WARN_UNUSED_FUNCTION = YES;
				GCC_WARN_UNUSED_VARIABLE = YES;
				IPHONEOS_DEPLOYMENT_TARGET = 17.0;
				MARKETING_VERSION = 1.0.0;
				MTL_ENABLE_DEBUG_INFO = INCLUDE_SOURCE;
				MTL_FAST_MATH = YES;
				ONLY_ACTIVE_ARCH = YES;
				PRODUCT_NAME = "$(TARGET_NAME)";
				SDKROOT = iphoneos;
				SWIFT_ACTIVE_COMPILATION_CONDITIONS = DEBUG;
				SWIFT_OPTIMIZATION_LEVEL = "-Onone";
				SWIFT_VERSION = 5.0;
			};
			name = Debug;
		};
		C626EF8C2D163622A8844DF4 /* Release */ = {
			isa = XCBuildConfiguration;
			buildSettings = {
				BUNDLE_LOADER = "$(TEST_HOST)";
				GENERATE_INFOPLIST_FILE = YES;
				LD_RUNPATH_SEARCH_PATHS = (
					"$(inherited)",
					"@executable_path/Frameworks",
					"@loader_path/Frameworks",
				);
				PRODUCT_BUNDLE_IDENTIFIER = com.jwatsondev.HybridAthleteUITests;
				SDKROOT = iphoneos;
				TARGETED_DEVICE_FAMILY = "1,2";
				TEST_TARGET_NAME = HybridAthlete;
			};
			name = Release;
		};
		D0B42441749396CAF4ED8554 /* Debug */ = {
			isa = XCBuildConfiguration;
			buildSettings = {
				ASSETCATALOG_COMPILER_APPICON_NAME = AppIcon;
				CODE_SIGN_ENTITLEMENTS = HybridAthlete/HybridAthlete.entitlements;
				CODE_SIGN_IDENTITY = "iPhone Developer";
				INFOPLIST_FILE = HybridAthlete/Info.plist;
				LD_RUNPATH_SEARCH_PATHS = (
					"$(inherited)",
					"@executable_path/Frameworks",
				);
				PRODUCT_BUNDLE_IDENTIFIER = com.jwatsondev.simplerun;
				SDKROOT = iphoneos;
				TARGETED_DEVICE_FAMILY = 1;
			};
			name = Debug;
		};
		EA12DE98BF24782AC2B384FF /* Debug */ = {
			isa = XCBuildConfiguration;
			buildSettings = {
				BUNDLE_LOADER = "$(TEST_HOST)";
				GENERATE_INFOPLIST_FILE = YES;
				LD_RUNPATH_SEARCH_PATHS = (
					"$(inherited)",
					"@executable_path/Frameworks",
					"@loader_path/Frameworks",
				);
				PRODUCT_BUNDLE_IDENTIFIER = com.jwatsondev.HybridAthleteTests;
				SDKROOT = iphoneos;
				TARGETED_DEVICE_FAMILY = "1,2";
				TEST_HOST = "$(BUILT_PRODUCTS_DIR)/HybridAthlete.app/HybridAthlete";
			};
			name = Debug;
		};
		EDBBDE84238A99B0F41A336F /* Debug */ = {
			isa = XCBuildConfiguration;
			buildSettings = {
				INFOPLIST_FILE = RuckRunWidgets/Info.plist;
				LD_RUNPATH_SEARCH_PATHS = (
					"$(inherited)",
					"@executable_path/Frameworks",
					"@executable_path/../../Frameworks",
				);
				PRODUCT_BUNDLE_IDENTIFIER = com.jwatsondev.simplerun.widgets;
				SDKROOT = iphoneos;
				TARGETED_DEVICE_FAMILY = 1;
			};
			name = Debug;
		};
		EED77F8D61AE344604AB95B9 /* Release */ = {
			isa = XCBuildConfiguration;
			buildSettings = {
				INFOPLIST_FILE = RuckRunWidgets/Info.plist;
				LD_RUNPATH_SEARCH_PATHS = (
					"$(inherited)",
					"@executable_path/Frameworks",
					"@executable_path/../../Frameworks",
				);
				PRODUCT_BUNDLE_IDENTIFIER = com.jwatsondev.simplerun.widgets;
				SDKROOT = iphoneos;
				TARGETED_DEVICE_FAMILY = 1;
			};
			name = Release;
		};
		FA3E566B6221E722C2429642 /* Release */ = {
			isa = XCBuildConfiguration;
			buildSettings = {
				BUNDLE_LOADER = "$(TEST_HOST)";
				GENERATE_INFOPLIST_FILE = YES;
				LD_RUNPATH_SEARCH_PATHS = (
					"$(inherited)",
					"@executable_path/Frameworks",
					"@loader_path/Frameworks",
				);
				PRODUCT_BUNDLE_IDENTIFIER = com.jwatsondev.HybridAthleteTests;
				SDKROOT = iphoneos;
				TARGETED_DEVICE_FAMILY = "1,2";
				TEST_HOST = "$(BUILT_PRODUCTS_DIR)/HybridAthlete.app/HybridAthlete";
			};
			name = Release;
		};
/* End XCBuildConfiguration section */

/* Begin XCConfigurationList section */
		00C00733CC9A729D81B1B0D4 /* Build configuration list for PBXNativeTarget "HybridAthleteTests" */ = {
			isa = XCConfigurationList;
			buildConfigurations = (
				EA12DE98BF24782AC2B384FF /* Debug */,
				FA3E566B6221E722C2429642 /* Release */,
			);
			defaultConfigurationIsVisible = 0;
			defaultConfigurationName = Debug;
		};
		3358E01E3366C202FC065EF3 /* Build configuration list for PBXNativeTarget "HybridAthleteUITests" */ = {
			isa = XCConfigurationList;
			buildConfigurations = (
				355990D19F4B76164BEA9913 /* Debug */,
				C626EF8C2D163622A8844DF4 /* Release */,
			);
			defaultConfigurationIsVisible = 0;
			defaultConfigurationName = Debug;
		};
		8EBF71D312A67D4F2EFDE80B /* Build configuration list for PBXNativeTarget "HybridAthlete" */ = {
			isa = XCConfigurationList;
			buildConfigurations = (
				D0B42441749396CAF4ED8554 /* Debug */,
				2522CC27B5C06803BE9ACC77 /* Release */,
			);
			defaultConfigurationIsVisible = 0;
			defaultConfigurationName = Debug;
		};
		AE8BA6CB46541598FD523690 /* Build configuration list for PBXNativeTarget "RuckRunWidgets" */ = {
			isa = XCConfigurationList;
			buildConfigurations = (
				EDBBDE84238A99B0F41A336F /* Debug */,
				EED77F8D61AE344604AB95B9 /* Release */,
			);
			defaultConfigurationIsVisible = 0;
			defaultConfigurationName = Debug;
		};
		E57544ABC8BCFA6709AD72ED /* Build configuration list for PBXProject "HybridAthlete" */ = {
			isa = XCConfigurationList;
			buildConfigurations = (
				4BA53D4F09172D75C00C06F2 /* Debug */,
				20D429FA1CDC45BD1E87C800 /* Release */,
			);
			defaultConfigurationIsVisible = 0;
			defaultConfigurationName = Debug;
		};
/* End XCConfigurationList section */
	};
	rootObject = FEEA58DFE330C8CC7BD5B800 /* Project object */;
}
